
Microsoft Visual Studio Solution File, Format Version 12.00
Project("{2150E333-8FDC-42A3-9474-1A3956D46DE8}") = "Solution Items", "Solution Items", "{089100B1-113F-4E66-888A-E83F3999EAFD}"
	ProjectSection(SolutionItems) = preProject
		.dockerignore = .dockerignore
		.editorconfig = .editorconfig
		.gitignore = .gitignore
		Directory.Build.props = Directory.Build.props
	EndProjectSection
EndProject
Project("{2150E333-8FDC-42A3-9474-1A3956D46DE8}") = "Src", "Src", "{827E0CD3-B72D-47B6-A68D-7590B98EB39B}"
EndProject
Project("{FAE04EC0-301F-11D3-BF4B-00C04F79EFBC}") = "Prius.Core", "Src\Prius.Core\Prius.Core.csproj", "{7BA3DA5F-9E34-24CB-3E6B-7D582A63513B}"
EndProject
Project("{2150E333-8FDC-42A3-9474-1A3956D46DE8}") = "Tests", "Tests", "{0AB3BF05-4346-4AA6-1389-037BE0695223}"
EndProject
Project("{FAE04EC0-301F-11D3-BF4B-00C04F79EFBC}") = "Prius.Core.Tests", "Tests\Prius.Core.Tests\Prius.Core.Tests.csproj", "{87F91EC7-80EE-4492-85BF-F80F29C243BF}"
EndProject
Project("{FAE04EC0-301F-11D3-BF4B-00C04F79EFBC}") = "Prius.Packages.Directory.Server", "Src\Prius.Packages.Directory.Server\Prius.Packages.Directory.Server.csproj", "{057A6C0A-8C81-41D8-A4DE-90AB62D95074}"
EndProject
Project("{2150E333-8FDC-42A3-9474-1A3956D46DE8}") = "Core", "Core", "{B0C5FA3F-F7C1-4F37-8C59-CA909FC2D0C5}"
EndProject
Project("{2150E333-8FDC-42A3-9474-1A3956D46DE8}") = "PackagesRegistry", "PackagesRegistry", "{8854C0A4-DCDC-43F0-9119-84ABE2079BB1}"
EndProject
Project("{2150E333-8FDC-42A3-9474-1A3956D46DE8}") = "Core", "Core", "{B7475C11-1D15-4672-8ACF-58EEF183CF3D}"
EndProject
Project("{2150E333-8FDC-42A3-9474-1A3956D46DE8}") = "PackagesRegistry", "PackagesRegistry", "{9AE799E0-73D0-4ACD-8C37-7CEDBA54551C}"
EndProject
Project("{FAE04EC0-301F-11D3-BF4B-00C04F79EFBC}") = "Prius.App", "Src\Prius.App\Prius.App.csproj", "{5CAB1F63-C19E-4A2D-A77D-D2A803BC2D31}"
EndProject
Project("{FAE04EC0-301F-11D3-BF4B-00C04F79EFBC}") = "Prius.Blazor", "Src\Prius.Blazor\Prius.Blazor.csproj", "{FBDCCADE-EBC9-42F2-8A72-4349B598991F}"
EndProject
Project("{FAE04EC0-301F-11D3-BF4B-00C04F79EFBC}") = "Prius.Engine.Abstractions", "Src\Prius.Engine.Abstractions\Prius.Engine.Abstractions.csproj", "{26D8437D-E56B-4C38-85BF-CC88484F4B2A}"
EndProject
Project("{FAE04EC0-301F-11D3-BF4B-00C04F79EFBC}") = "Prius.Engine", "Src\Prius.Engine\Prius.Engine.csproj", "{8384782F-4093-45B7-A7F6-57546752E7B3}"
EndProject
Project("{FAE04EC0-301F-11D3-BF4B-00C04F79EFBC}") = "Prius.Data.RavenDB", "Src\Prius.Data.RavenDB\Prius.Data.RavenDB.csproj", "{ED964852-74C9-46A4-8F33-48A781FF3004}"
EndProject
Project("{FAE04EC0-301F-11D3-BF4B-00C04F79EFBC}") = "Prius.Data.RavenDB.Tests", "Tests\Prius.Data.RavenDB.Tests\Prius.Data.RavenDB.Tests.csproj", "{8E21A7F4-610E-4073-BD20-D3A1E8FCD419}"
EndProject
Project("{FAE04EC0-301F-11D3-BF4B-00C04F79EFBC}") = "Prius.Engine.Tests", "Tests\Prius.Engine.Tests\Prius.Engine.Tests.csproj", "{C5EFBB8E-D770-401E-9F0E-8E4D30CE613B}"
EndProject
Project("{FAE04EC0-301F-11D3-BF4B-00C04F79EFBC}") = "Prius.PackagesRegistry", "Src\Prius.PackagesRegistry\Prius.PackagesRegistry.csproj", "{7E9BABF0-6D9E-450D-86B1-341F891CD922}"
EndProject
Project("{FAE04EC0-301F-11D3-BF4B-00C04F79EFBC}") = "Prius.PackagesRegistry.Tests", "Tests\Prius.PackagesRegistry.Tests\Prius.PackagesRegistry.Tests.csproj", "{B5DF5A21-63B5-40AD-AC5F-9C55510D0BB8}"
EndProject
Project("{2150E333-8FDC-42A3-9474-1A3956D46DE8}") = "Docs", "Docs", "{206E7C00-7E01-4DE4-940B-604DD04D7A19}"
	ProjectSection(SolutionItems) = preProject
		README.md = README.md
		Docs\PriusCodingGuidelines.md = Docs\PriusCodingGuidelines.md
		Docs\PriusCoreGuidelines.md = Docs\PriusCoreGuidelines.md
		Docs\PriusEngineGuidelines.md = Docs\PriusEngineGuidelines.md
		Docs\PriusMetadataGuidelines.md = Docs\PriusMetadataGuidelines.md
	EndProjectSection
EndProject
Global
	GlobalSection(SolutionConfigurationPlatforms) = preSolution
		Debug|Any CPU = Debug|Any CPU
		Release|Any CPU = Release|Any CPU
	EndGlobalSection
	GlobalSection(ProjectConfigurationPlatforms) = postSolution
		{7BA3DA5F-9E34-24CB-3E6B-7D582A63513B}.Debug|Any CPU.ActiveCfg = Debug|Any CPU
		{7BA3DA5F-9E34-24CB-3E6B-7D582A63513B}.Debug|Any CPU.Build.0 = Debug|Any CPU
		{7BA3DA5F-9E34-24CB-3E6B-7D582A63513B}.Release|Any CPU.ActiveCfg = Release|Any CPU
		{7BA3DA5F-9E34-24CB-3E6B-7D582A63513B}.Release|Any CPU.Build.0 = Release|Any CPU
		{87F91EC7-80EE-4492-85BF-F80F29C243BF}.Debug|Any CPU.ActiveCfg = Debug|Any CPU
		{87F91EC7-80EE-4492-85BF-F80F29C243BF}.Debug|Any CPU.Build.0 = Debug|Any CPU
		{87F91EC7-80EE-4492-85BF-F80F29C243BF}.Release|Any CPU.ActiveCfg = Release|Any CPU
		{87F91EC7-80EE-4492-85BF-F80F29C243BF}.Release|Any CPU.Build.0 = Release|Any CPU
		{057A6C0A-8C81-41D8-A4DE-90AB62D95074}.Debug|Any CPU.ActiveCfg = Debug|Any CPU
		{057A6C0A-8C81-41D8-A4DE-90AB62D95074}.Debug|Any CPU.Build.0 = Debug|Any CPU
		{057A6C0A-8C81-41D8-A4DE-90AB62D95074}.Release|Any CPU.ActiveCfg = Release|Any CPU
		{057A6C0A-8C81-41D8-A4DE-90AB62D95074}.Release|Any CPU.Build.0 = Release|Any CPU
		{5CAB1F63-C19E-4A2D-A77D-D2A803BC2D31}.Debug|Any CPU.ActiveCfg = Debug|Any CPU
		{5CAB1F63-C19E-4A2D-A77D-D2A803BC2D31}.Debug|Any CPU.Build.0 = Debug|Any CPU
		{5CAB1F63-C19E-4A2D-A77D-D2A803BC2D31}.Release|Any CPU.ActiveCfg = Release|Any CPU
		{5CAB1F63-C19E-4A2D-A77D-D2A803BC2D31}.Release|Any CPU.Build.0 = Release|Any CPU
		{FBDCCADE-EBC9-42F2-8A72-4349B598991F}.Debug|Any CPU.ActiveCfg = Debug|Any CPU
		{FBDCCADE-EBC9-42F2-8A72-4349B598991F}.Debug|Any CPU.Build.0 = Debug|Any CPU
		{FBDCCADE-EBC9-42F2-8A72-4349B598991F}.Release|Any CPU.ActiveCfg = Release|Any CPU
		{FBDCCADE-EBC9-42F2-8A72-4349B598991F}.Release|Any CPU.Build.0 = Release|Any CPU
		{26D8437D-E56B-4C38-85BF-CC88484F4B2A}.Debug|Any CPU.ActiveCfg = Debug|Any CPU
		{26D8437D-E56B-4C38-85BF-CC88484F4B2A}.Debug|Any CPU.Build.0 = Debug|Any CPU
		{26D8437D-E56B-4C38-85BF-CC88484F4B2A}.Release|Any CPU.ActiveCfg = Release|Any CPU
		{26D8437D-E56B-4C38-85BF-CC88484F4B2A}.Release|Any CPU.Build.0 = Release|Any CPU
		{8384782F-4093-45B7-A7F6-57546752E7B3}.Debug|Any CPU.ActiveCfg = Debug|Any CPU
		{8384782F-4093-45B7-A7F6-57546752E7B3}.Debug|Any CPU.Build.0 = Debug|Any CPU
		{8384782F-4093-45B7-A7F6-57546752E7B3}.Release|Any CPU.ActiveCfg = Release|Any CPU
		{8384782F-4093-45B7-A7F6-57546752E7B3}.Release|Any CPU.Build.0 = Release|Any CPU
		{ED964852-74C9-46A4-8F33-48A781FF3004}.Debug|Any CPU.ActiveCfg = Debug|Any CPU
		{ED964852-74C9-46A4-8F33-48A781FF3004}.Debug|Any CPU.Build.0 = Debug|Any CPU
		{ED964852-74C9-46A4-8F33-48A781FF3004}.Release|Any CPU.ActiveCfg = Release|Any CPU
		{ED964852-74C9-46A4-8F33-48A781FF3004}.Release|Any CPU.Build.0 = Release|Any CPU
		{8E21A7F4-610E-4073-BD20-D3A1E8FCD419}.Debug|Any CPU.ActiveCfg = Debug|Any CPU
		{8E21A7F4-610E-4073-BD20-D3A1E8FCD419}.Debug|Any CPU.Build.0 = Debug|Any CPU
		{8E21A7F4-610E-4073-BD20-D3A1E8FCD419}.Release|Any CPU.ActiveCfg = Release|Any CPU
		{8E21A7F4-610E-4073-BD20-D3A1E8FCD419}.Release|Any CPU.Build.0 = Release|Any CPU
		{C5EFBB8E-D770-401E-9F0E-8E4D30CE613B}.Debug|Any CPU.ActiveCfg = Debug|Any CPU
		{C5EFBB8E-D770-401E-9F0E-8E4D30CE613B}.Debug|Any CPU.Build.0 = Debug|Any CPU
		{C5EFBB8E-D770-401E-9F0E-8E4D30CE613B}.Release|Any CPU.ActiveCfg = Release|Any CPU
		{C5EFBB8E-D770-401E-9F0E-8E4D30CE613B}.Release|Any CPU.Build.0 = Release|Any CPU
		{7E9BABF0-6D9E-450D-86B1-341F891CD922}.Debug|Any CPU.ActiveCfg = Debug|Any CPU
		{7E9BABF0-6D9E-450D-86B1-341F891CD922}.Debug|Any CPU.Build.0 = Debug|Any CPU
		{7E9BABF0-6D9E-450D-86B1-341F891CD922}.Release|Any CPU.ActiveCfg = Release|Any CPU
		{7E9BABF0-6D9E-450D-86B1-341F891CD922}.Release|Any CPU.Build.0 = Release|Any CPU
		{B5DF5A21-63B5-40AD-AC5F-9C55510D0BB8}.Debug|Any CPU.ActiveCfg = Debug|Any CPU
		{B5DF5A21-63B5-40AD-AC5F-9C55510D0BB8}.Debug|Any CPU.Build.0 = Debug|Any CPU
		{B5DF5A21-63B5-40AD-AC5F-9C55510D0BB8}.Release|Any CPU.ActiveCfg = Release|Any CPU
		{B5DF5A21-63B5-40AD-AC5F-9C55510D0BB8}.Release|Any CPU.Build.0 = Release|Any CPU
	EndGlobalSection
	GlobalSection(NestedProjects) = preSolution
		{B0C5FA3F-F7C1-4F37-8C59-CA909FC2D0C5} = {827E0CD3-B72D-47B6-A68D-7590B98EB39B}
		{8854C0A4-DCDC-43F0-9119-84ABE2079BB1} = {827E0CD3-B72D-47B6-A68D-7590B98EB39B}
		{057A6C0A-8C81-41D8-A4DE-90AB62D95074} = {8854C0A4-DCDC-43F0-9119-84ABE2079BB1}
		{7BA3DA5F-9E34-24CB-3E6B-7D582A63513B} = {B0C5FA3F-F7C1-4F37-8C59-CA909FC2D0C5}
		{B7475C11-1D15-4672-8ACF-58EEF183CF3D} = {0AB3BF05-4346-4AA6-1389-037BE0695223}
		{9AE799E0-73D0-4ACD-8C37-7CEDBA54551C} = {0AB3BF05-4346-4AA6-1389-037BE0695223}
		{87F91EC7-80EE-4492-85BF-F80F29C243BF} = {B7475C11-1D15-4672-8ACF-58EEF183CF3D}
		{5CAB1F63-C19E-4A2D-A77D-D2A803BC2D31} = {827E0CD3-B72D-47B6-A68D-7590B98EB39B}
		{FBDCCADE-EBC9-42F2-8A72-4349B598991F} = {827E0CD3-B72D-47B6-A68D-7590B98EB39B}
		{26D8437D-E56B-4C38-85BF-CC88484F4B2A} = {B0C5FA3F-F7C1-4F37-8C59-CA909FC2D0C5}
		{8384782F-4093-45B7-A7F6-57546752E7B3} = {B0C5FA3F-F7C1-4F37-8C59-CA909FC2D0C5}
		{ED964852-74C9-46A4-8F33-48A781FF3004} = {B0C5FA3F-F7C1-4F37-8C59-CA909FC2D0C5}
		{8E21A7F4-610E-4073-BD20-D3A1E8FCD419} = {B7475C11-1D15-4672-8ACF-58EEF183CF3D}
		{C5EFBB8E-D770-401E-9F0E-8E4D30CE613B} = {B7475C11-1D15-4672-8ACF-58EEF183CF3D}
		{7E9BABF0-6D9E-450D-86B1-341F891CD922} = {8854C0A4-DCDC-43F0-9119-84ABE2079BB1}
		{B5DF5A21-63B5-40AD-AC5F-9C55510D0BB8} = {9AE799E0-73D0-4ACD-8C37-7CEDBA54551C}
		{206E7C00-7E01-4DE4-940B-604DD04D7A19} = {089100B1-113F-4E66-888A-E83F3999EAFD}
	EndGlobalSection
EndGlobal
