
Microsoft Visual Studio Solution File, Format Version 12.00
Project("{2150E333-8FDC-42A3-9474-1A3956D46DE8}") = "Solution Items", "Solution Items", "{089100B1-113F-4E66-888A-E83F3999EAFD}"
	ProjectSection(SolutionItems) = preProject
		.dockerignore = .dockerignore
		.editorconfig = .editorconfig
		.gitignore = .gitignore
		Directory.Build.props = Directory.Build.props
	EndProjectSection
EndProject
Project("{2150E333-8FDC-42A3-9474-1A3956D46DE8}") = "Src", "Src", "{827E0CD3-B72D-47B6-A68D-7590B98EB39B}"
EndProject
Project("{FAE04EC0-301F-11D3-BF4B-00C04F79EFBC}") = "Prius.Core", "Src\Prius.Core\Prius.Core.csproj", "{7BA3DA5F-9E34-24CB-3E6B-7D582A63513B}"
EndProject
Project("{2150E333-8FDC-42A3-9474-1A3956D46DE8}") = "Tests", "Tests", "{0AB3BF05-4346-4AA6-1389-037BE0695223}"
EndProject
Project("{FAE04EC0-301F-11D3-BF4B-00C04F79EFBC}") = "Prius.Core.Tests", "Tests\Prius.Core.Tests\Prius.Core.Tests.csproj", "{87F91EC7-80EE-4492-85BF-F80F29C243BF}"
EndProject
Project("{FAE04EC0-301F-11D3-BF4B-00C04F79EFBC}") = "Prius.Core.Packages", "Src\Prius.Core.Packages\Prius.Core.Packages.csproj", "{E9D6C7B5-F438-47F9-9B38-DD1D627464B6}"
EndProject
Project("{FAE04EC0-301F-11D3-BF4B-00C04F79EFBC}") = "Prius.Core.Packages.Tests", "Tests\Prius.Core.Packages.Tests\Prius.Core.Packages.Tests.csproj", "{B6191B43-7F5A-4E3F-BEA7-7063C6100E09}"
EndProject
Project("{FAE04EC0-301F-11D3-BF4B-00C04F79EFBC}") = "Prius.Core.Packages.Registry", "Src\Prius.Core.Packages.Registry\Prius.Core.Packages.Registry.csproj", "{C7D45C55-B35A-48B2-B00E-70A59FDF828F}"
EndProject
Project("{FAE04EC0-301F-11D3-BF4B-00C04F79EFBC}") = "Prius.Packages.Directory.Server", "Src\Prius.Packages.Directory.Server\Prius.Packages.Directory.Server.csproj", "{057A6C0A-8C81-41D8-A4DE-90AB62D95074}"
EndProject
Project("{FAE04EC0-301F-11D3-BF4B-00C04F79EFBC}") = "Prius.Core.Packages.Registry.Tests", "Tests\Prius.Core.Packages.Registry.Tests\Prius.Core.Packages.Registry.Tests.csproj", "{1586FC5F-27D7-4873-B93F-AB5A52607B49}"
EndProject
Project("{2150E333-8FDC-42A3-9474-1A3956D46DE8}") = "Core", "Core", "{B0C5FA3F-F7C1-4F37-8C59-CA909FC2D0C5}"
EndProject
Project("{2150E333-8FDC-42A3-9474-1A3956D46DE8}") = "PackagesRegistry", "PackagesRegistry", "{8854C0A4-DCDC-43F0-9119-84ABE2079BB1}"
EndProject
Project("{2150E333-8FDC-42A3-9474-1A3956D46DE8}") = "Core", "Core", "{B7475C11-1D15-4672-8ACF-58EEF183CF3D}"
EndProject
Project("{2150E333-8FDC-42A3-9474-1A3956D46DE8}") = "PackagesRegistry", "PackagesRegistry", "{9AE799E0-73D0-4ACD-8C37-7CEDBA54551C}"
EndProject
Project("{FAE04EC0-301F-11D3-BF4B-00C04F79EFBC}") = "Prius.App", "Src\Prius.App\Prius.App.csproj", "{5CAB1F63-C19E-4A2D-A77D-D2A803BC2D31}"
EndProject
Global
	GlobalSection(SolutionConfigurationPlatforms) = preSolution
		Debug|Any CPU = Debug|Any CPU
		Release|Any CPU = Release|Any CPU
	EndGlobalSection
	GlobalSection(ProjectConfigurationPlatforms) = postSolution
		{7BA3DA5F-9E34-24CB-3E6B-7D582A63513B}.Debug|Any CPU.ActiveCfg = Debug|Any CPU
		{7BA3DA5F-9E34-24CB-3E6B-7D582A63513B}.Debug|Any CPU.Build.0 = Debug|Any CPU
		{7BA3DA5F-9E34-24CB-3E6B-7D582A63513B}.Release|Any CPU.ActiveCfg = Release|Any CPU
		{7BA3DA5F-9E34-24CB-3E6B-7D582A63513B}.Release|Any CPU.Build.0 = Release|Any CPU
		{87F91EC7-80EE-4492-85BF-F80F29C243BF}.Debug|Any CPU.ActiveCfg = Debug|Any CPU
		{87F91EC7-80EE-4492-85BF-F80F29C243BF}.Debug|Any CPU.Build.0 = Debug|Any CPU
		{87F91EC7-80EE-4492-85BF-F80F29C243BF}.Release|Any CPU.ActiveCfg = Release|Any CPU
		{87F91EC7-80EE-4492-85BF-F80F29C243BF}.Release|Any CPU.Build.0 = Release|Any CPU
		{E9D6C7B5-F438-47F9-9B38-DD1D627464B6}.Debug|Any CPU.ActiveCfg = Debug|Any CPU
		{E9D6C7B5-F438-47F9-9B38-DD1D627464B6}.Debug|Any CPU.Build.0 = Debug|Any CPU
		{E9D6C7B5-F438-47F9-9B38-DD1D627464B6}.Release|Any CPU.ActiveCfg = Release|Any CPU
		{E9D6C7B5-F438-47F9-9B38-DD1D627464B6}.Release|Any CPU.Build.0 = Release|Any CPU
		{B6191B43-7F5A-4E3F-BEA7-7063C6100E09}.Debug|Any CPU.ActiveCfg = Debug|Any CPU
		{B6191B43-7F5A-4E3F-BEA7-7063C6100E09}.Debug|Any CPU.Build.0 = Debug|Any CPU
		{B6191B43-7F5A-4E3F-BEA7-7063C6100E09}.Release|Any CPU.ActiveCfg = Release|Any CPU
		{B6191B43-7F5A-4E3F-BEA7-7063C6100E09}.Release|Any CPU.Build.0 = Release|Any CPU
		{C7D45C55-B35A-48B2-B00E-70A59FDF828F}.Debug|Any CPU.ActiveCfg = Debug|Any CPU
		{C7D45C55-B35A-48B2-B00E-70A59FDF828F}.Debug|Any CPU.Build.0 = Debug|Any CPU
		{C7D45C55-B35A-48B2-B00E-70A59FDF828F}.Release|Any CPU.ActiveCfg = Release|Any CPU
		{C7D45C55-B35A-48B2-B00E-70A59FDF828F}.Release|Any CPU.Build.0 = Release|Any CPU
		{057A6C0A-8C81-41D8-A4DE-90AB62D95074}.Debug|Any CPU.ActiveCfg = Debug|Any CPU
		{057A6C0A-8C81-41D8-A4DE-90AB62D95074}.Debug|Any CPU.Build.0 = Debug|Any CPU
		{057A6C0A-8C81-41D8-A4DE-90AB62D95074}.Release|Any CPU.ActiveCfg = Release|Any CPU
		{057A6C0A-8C81-41D8-A4DE-90AB62D95074}.Release|Any CPU.Build.0 = Release|Any CPU
		{1586FC5F-27D7-4873-B93F-AB5A52607B49}.Debug|Any CPU.ActiveCfg = Debug|Any CPU
		{1586FC5F-27D7-4873-B93F-AB5A52607B49}.Debug|Any CPU.Build.0 = Debug|Any CPU
		{1586FC5F-27D7-4873-B93F-AB5A52607B49}.Release|Any CPU.ActiveCfg = Release|Any CPU
		{1586FC5F-27D7-4873-B93F-AB5A52607B49}.Release|Any CPU.Build.0 = Release|Any CPU
		{5CAB1F63-C19E-4A2D-A77D-D2A803BC2D31}.Debug|Any CPU.ActiveCfg = Debug|Any CPU
		{5CAB1F63-C19E-4A2D-A77D-D2A803BC2D31}.Debug|Any CPU.Build.0 = Debug|Any CPU
		{5CAB1F63-C19E-4A2D-A77D-D2A803BC2D31}.Release|Any CPU.ActiveCfg = Release|Any CPU
		{5CAB1F63-C19E-4A2D-A77D-D2A803BC2D31}.Release|Any CPU.Build.0 = Release|Any CPU
	EndGlobalSection
	GlobalSection(NestedProjects) = preSolution
		{B0C5FA3F-F7C1-4F37-8C59-CA909FC2D0C5} = {827E0CD3-B72D-47B6-A68D-7590B98EB39B}
		{8854C0A4-DCDC-43F0-9119-84ABE2079BB1} = {827E0CD3-B72D-47B6-A68D-7590B98EB39B}
		{C7D45C55-B35A-48B2-B00E-70A59FDF828F} = {8854C0A4-DCDC-43F0-9119-84ABE2079BB1}
		{057A6C0A-8C81-41D8-A4DE-90AB62D95074} = {8854C0A4-DCDC-43F0-9119-84ABE2079BB1}
		{7BA3DA5F-9E34-24CB-3E6B-7D582A63513B} = {B0C5FA3F-F7C1-4F37-8C59-CA909FC2D0C5}
		{E9D6C7B5-F438-47F9-9B38-DD1D627464B6} = {B0C5FA3F-F7C1-4F37-8C59-CA909FC2D0C5}
		{B7475C11-1D15-4672-8ACF-58EEF183CF3D} = {0AB3BF05-4346-4AA6-1389-037BE0695223}
		{9AE799E0-73D0-4ACD-8C37-7CEDBA54551C} = {0AB3BF05-4346-4AA6-1389-037BE0695223}
		{1586FC5F-27D7-4873-B93F-AB5A52607B49} = {9AE799E0-73D0-4ACD-8C37-7CEDBA54551C}
		{B6191B43-7F5A-4E3F-BEA7-7063C6100E09} = {B7475C11-1D15-4672-8ACF-58EEF183CF3D}
		{87F91EC7-80EE-4492-85BF-F80F29C243BF} = {B7475C11-1D15-4672-8ACF-58EEF183CF3D}
		{5CAB1F63-C19E-4A2D-A77D-D2A803BC2D31} = {827E0CD3-B72D-47B6-A68D-7590B98EB39B}
	EndGlobalSection
EndGlobal
